// !$*UTF8*$!
{
	archiveVersion = 1;
	classes = {
	};
	objectVersion = 46;
	objects = {

/* Begin PBXBuildFile section */
		7D0D963F1A5E5B3A00D16BC0 /* MBProgressHUD.m in Sources */ = {isa = PBXBuildFile; fileRef = 7D0D963E1A5E5B3A00D16BC0 /* MBProgressHUD.m */; };
		7D26108A1A2DEF8900BC5FEF /* GCDWebServer.m in Sources */ = {isa = PBXBuildFile; fileRef = 7D26106D1A2DEF8900BC5FEF /* GCDWebServer.m */; };
		7D26108B1A2DEF8900BC5FEF /* GCDWebServerConnection.m in Sources */ = {isa = PBXBuildFile; fileRef = 7D26106F1A2DEF8900BC5FEF /* GCDWebServerConnection.m */; };
		7D26108C1A2DEF8900BC5FEF /* GCDWebServerFunctions.m in Sources */ = {isa = PBXBuildFile; fileRef = 7D2610711A2DEF8900BC5FEF /* GCDWebServerFunctions.m */; };
		7D26108D1A2DEF8900BC5FEF /* GCDWebServerRequest.m in Sources */ = {isa = PBXBuildFile; fileRef = 7D2610751A2DEF8900BC5FEF /* GCDWebServerRequest.m */; };
		7D26108E1A2DEF8900BC5FEF /* GCDWebServerResponse.m in Sources */ = {isa = PBXBuildFile; fileRef = 7D2610771A2DEF8900BC5FEF /* GCDWebServerResponse.m */; };
		7D26108F1A2DEF8900BC5FEF /* GCDWebServerDataRequest.m in Sources */ = {isa = PBXBuildFile; fileRef = 7D26107A1A2DEF8900BC5FEF /* GCDWebServerDataRequest.m */; };
		7D2610901A2DEF8900BC5FEF /* GCDWebServerFileRequest.m in Sources */ = {isa = PBXBuildFile; fileRef = 7D26107C1A2DEF8900BC5FEF /* GCDWebServerFileRequest.m */; };
		7D2610911A2DEF8900BC5FEF /* GCDWebServerMultiPartFormRequest.m in Sources */ = {isa = PBXBuildFile; fileRef = 7D26107E1A2DEF8900BC5FEF /* GCDWebServerMultiPartFormRequest.m */; };
		7D2610921A2DEF8900BC5FEF /* GCDWebServerURLEncodedFormRequest.m in Sources */ = {isa = PBXBuildFile; fileRef = 7D2610801A2DEF8900BC5FEF /* GCDWebServerURLEncodedFormRequest.m */; };
		7D2610931A2DEF8900BC5FEF /* GCDWebServerDataResponse.m in Sources */ = {isa = PBXBuildFile; fileRef = 7D2610831A2DEF8900BC5FEF /* GCDWebServerDataResponse.m */; };
		7D2610941A2DEF8900BC5FEF /* GCDWebServerErrorResponse.m in Sources */ = {isa = PBXBuildFile; fileRef = 7D2610851A2DEF8900BC5FEF /* GCDWebServerErrorResponse.m */; };
		7D2610951A2DEF8900BC5FEF /* GCDWebServerFileResponse.m in Sources */ = {isa = PBXBuildFile; fileRef = 7D2610871A2DEF8900BC5FEF /* GCDWebServerFileResponse.m */; };
		7D2610961A2DEF8900BC5FEF /* GCDWebServerStreamedResponse.m in Sources */ = {isa = PBXBuildFile; fileRef = 7D2610891A2DEF8900BC5FEF /* GCDWebServerStreamedResponse.m */; };
		7D26109E1A2DF3AF00BC5FEF /* PTPacServer.m in Sources */ = {isa = PBXBuildFile; fileRef = 7D26109D1A2DF3AF00BC5FEF /* PTPacServer.m */; };
		7D2610AD1A2EF3D300BC5FEF /* InfoPlist.strings in Resources */ = {isa = PBXBuildFile; fileRef = 7D2610AF1A2EF3D300BC5FEF /* InfoPlist.strings */; };
		7D2748881A6A1DA6009B7352 /* portrait.jpg in Resources */ = {isa = PBXBuildFile; fileRef = 7D2748871A6A1DA6009B7352 /* portrait.jpg */; };
		7D27488B1A6A306A009B7352 /* PTAboutVC.m in Sources */ = {isa = PBXBuildFile; fileRef = 7D27488A1A6A306A009B7352 /* PTAboutVC.m */; };
		7D2895D11A4146BF00F52D66 /* LaunchScreen.xib in Resources */ = {isa = PBXBuildFile; fileRef = 7D2895D01A4146BF00F52D66 /* LaunchScreen.xib */; };
		7D2E59D01A1B468D00C196CB /* NSMutableArray+Queue.m in Sources */ = {isa = PBXBuildFile; fileRef = 7D2E59CD1A1B468D00C196CB /* NSMutableArray+Queue.m */; };
		7D2E59D11A1B468D00C196CB /* NSMutableArray+Stack.m in Sources */ = {isa = PBXBuildFile; fileRef = 7D2E59CF1A1B468D00C196CB /* NSMutableArray+Stack.m */; };
		7D2E59D41A1B48F100C196CB /* SSHTCPDirectTunnel.m in Sources */ = {isa = PBXBuildFile; fileRef = 7D2E59D31A1B48F100C196CB /* SSHTCPDirectTunnel.m */; };
		7D4B3F281A26133200C64E3C /* DDAbstractDatabaseLogger.m in Sources */ = {isa = PBXBuildFile; fileRef = 7D4B3F0D1A26133200C64E3C /* DDAbstractDatabaseLogger.m */; };
		7D4B3F291A26133200C64E3C /* DDASLLogCapture.m in Sources */ = {isa = PBXBuildFile; fileRef = 7D4B3F0F1A26133200C64E3C /* DDASLLogCapture.m */; };
		7D4B3F2A1A26133200C64E3C /* DDASLLogger.m in Sources */ = {isa = PBXBuildFile; fileRef = 7D4B3F111A26133200C64E3C /* DDASLLogger.m */; };
		7D4B3F2B1A26133200C64E3C /* DDFileLogger.m in Sources */ = {isa = PBXBuildFile; fileRef = 7D4B3F141A26133200C64E3C /* DDFileLogger.m */; };
		7D4B3F2C1A26133200C64E3C /* DDLog.m in Sources */ = {isa = PBXBuildFile; fileRef = 7D4B3F171A26133200C64E3C /* DDLog.m */; };
		7D4B3F2D1A26133200C64E3C /* DDTTYLogger.m in Sources */ = {isa = PBXBuildFile; fileRef = 7D4B3F1A1A26133200C64E3C /* DDTTYLogger.m */; };
		7D4B3F2E1A26133200C64E3C /* DDContextFilterLogFormatter.m in Sources */ = {isa = PBXBuildFile; fileRef = 7D4B3F1D1A26133200C64E3C /* DDContextFilterLogFormatter.m */; };
		7D4B3F2F1A26133200C64E3C /* DDDispatchQueueLogFormatter.m in Sources */ = {isa = PBXBuildFile; fileRef = 7D4B3F1F1A26133200C64E3C /* DDDispatchQueueLogFormatter.m */; };
		7D4B3F301A26133200C64E3C /* DDMultiFormatter.m in Sources */ = {isa = PBXBuildFile; fileRef = 7D4B3F211A26133200C64E3C /* DDMultiFormatter.m */; };
		7D4B3F311A26133200C64E3C /* NSThread+SequenceNumber.m in Sources */ = {isa = PBXBuildFile; fileRef = 7D4B3F231A26133200C64E3C /* NSThread+SequenceNumber.m */; };
		7D4B3F321A26133200C64E3C /* KPLog.m in Sources */ = {isa = PBXBuildFile; fileRef = 7D4B3F251A26133200C64E3C /* KPLog.m */; };
		7D4B3F331A26133200C64E3C /* KPLogFormatter.m in Sources */ = {isa = PBXBuildFile; fileRef = 7D4B3F271A26133200C64E3C /* KPLogFormatter.m */; };
		7D4B3F381A2616DC00C64E3C /* KPBackgroundRunner.m in Sources */ = {isa = PBXBuildFile; fileRef = 7D4B3F361A2616DC00C64E3C /* KPBackgroundRunner.m */; };
		7D4B3F391A2616DC00C64E3C /* mute.mp3 in Resources */ = {isa = PBXBuildFile; fileRef = 7D4B3F371A2616DC00C64E3C /* mute.mp3 */; };
		7D75E2FB1A0A068300E022F2 /* main.m in Sources */ = {isa = PBXBuildFile; fileRef = 7D75E2FA1A0A068300E022F2 /* main.m */; };
		7D75E2FE1A0A068300E022F2 /* AppDelegate.m in Sources */ = {isa = PBXBuildFile; fileRef = 7D75E2FD1A0A068300E022F2 /* AppDelegate.m */; };
		7D75E3041A0A068300E022F2 /* Main.storyboard in Resources */ = {isa = PBXBuildFile; fileRef = 7D75E3021A0A068300E022F2 /* Main.storyboard */; };
		7D75E3061A0A068300E022F2 /* Images.xcassets in Resources */ = {isa = PBXBuildFile; fileRef = 7D75E3051A0A068300E022F2 /* Images.xcassets */; };
		7D75E3231A0A08C200E022F2 /* GCDAsyncSocket.m in Sources */ = {isa = PBXBuildFile; fileRef = 7D75E3201A0A08C200E022F2 /* GCDAsyncSocket.m */; };
		7D75E3241A0A08C200E022F2 /* GCDAsyncUdpSocket.m in Sources */ = {isa = PBXBuildFile; fileRef = 7D75E3221A0A08C200E022F2 /* GCDAsyncUdpSocket.m */; };
		7DD9D09F1A67C4B3001E92C6 /* TTSystemProxyManager.m in Sources */ = {isa = PBXBuildFile; fileRef = 7DD9D09E1A67C4B3001E92C6 /* TTSystemProxyManager.m */; };
		7DD9D0A11A68C0BE001E92C6 /* SystemConfiguration.framework in Frameworks */ = {isa = PBXBuildFile; fileRef = 7DD9D0A01A68C0BE001E92C6 /* SystemConfiguration.framework */; };
		7DD9D0A41A68E6BF001E92C6 /* TTCFEasyReleasePool.m in Sources */ = {isa = PBXBuildFile; fileRef = 7DD9D0A31A68E6BF001E92C6 /* TTCFEasyReleasePool.m */; };
		7DD9D0BB1A68FE10001E92C6 /* PrettyTunnel.entitlements in Resources */ = {isa = PBXBuildFile; fileRef = 7DD9D0BA1A68FE10001E92C6 /* PrettyTunnel.entitlements */; };
		7DE0A5761A30555400B3E50F /* Localizable.strings in Resources */ = {isa = PBXBuildFile; fileRef = 7DE0A5781A30555400B3E50F /* Localizable.strings */; };
		7DE0A5891A307A5000B3E50F /* AutoLocalize.m in Sources */ = {isa = PBXBuildFile; fileRef = 7DE0A5881A307A5000B3E50F /* AutoLocalize.m */; };
		7DE0A5931A308B2300B3E50F /* PTMainSettingsVC.m in Sources */ = {isa = PBXBuildFile; fileRef = 7DE0A5921A308B2300B3E50F /* PTMainSettingsVC.m */; };
		7DE0A59A1A35D8A500B3E50F /* PTConnectionSettings.m in Sources */ = {isa = PBXBuildFile; fileRef = 7DE0A5991A35D8A500B3E50F /* PTConnectionSettings.m */; };
		7DE0A59E1A35DB5200B3E50F /* PTPreference.m in Sources */ = {isa = PBXBuildFile; fileRef = 7DE0A59D1A35DB5200B3E50F /* PTPreference.m */; };
		7DE0A5A81A35E74200B3E50F /* UIView+UserData.m in Sources */ = {isa = PBXBuildFile; fileRef = 7DE0A5A71A35E74200B3E50F /* UIView+UserData.m */; };
		7DEE9A6B1A0A557000E52C04 /* SOCKSProxy.m in Sources */ = {isa = PBXBuildFile; fileRef = 7DEE9A681A0A557000E52C04 /* SOCKSProxy.m */; };
		7DEE9A6C1A0A557000E52C04 /* SOCKSProxySocket.m in Sources */ = {isa = PBXBuildFile; fileRef = 7DEE9A6A1A0A557000E52C04 /* SOCKSProxySocket.m */; };
		7DEE9A831A0B7A0400E52C04 /* libcrypto.a in Frameworks */ = {isa = PBXBuildFile; fileRef = 7DEE9A801A0B7A0400E52C04 /* libcrypto.a */; };
		7DEE9A841A0B7A0400E52C04 /* libssh2.a in Frameworks */ = {isa = PBXBuildFile; fileRef = 7DEE9A811A0B7A0400E52C04 /* libssh2.a */; };
		7DEE9A851A0B7A0400E52C04 /* libssl.a in Frameworks */ = {isa = PBXBuildFile; fileRef = 7DEE9A821A0B7A0400E52C04 /* libssl.a */; };
		7DEE9A871A0B7A1D00E52C04 /* libz.dylib in Frameworks */ = {isa = PBXBuildFile; fileRef = 7DEE9A861A0B7A1D00E52C04 /* libz.dylib */; };
		7DEE9A8C1A0B7CB700E52C04 /* SSHSession.m in Sources */ = {isa = PBXBuildFile; fileRef = 7DEE9A8B1A0B7CB700E52C04 /* SSHSession.m */; };
		7DEE9A8F1A0B7FBA00E52C04 /* SSHChannel.m in Sources */ = {isa = PBXBuildFile; fileRef = 7DEE9A8E1A0B7FBA00E52C04 /* SSHChannel.m */; };
		7DEE9A921A0BA29600E52C04 /* SSHGlobal.m in Sources */ = {isa = PBXBuildFile; fileRef = 7DEE9A911A0BA29600E52C04 /* SSHGlobal.m */; };
		7DEE9A951A0BA6AA00E52C04 /* NSOperationQueue+GlobalQueue.m in Sources */ = {isa = PBXBuildFile; fileRef = 7DEE9A941A0BA6AA00E52C04 /* NSOperationQueue+GlobalQueue.m */; };
/* End PBXBuildFile section */

/* Begin PBXFileReference section */
		7D0D963D1A5E5B3A00D16BC0 /* MBProgressHUD.h */ = {isa = PBXFileReference; fileEncoding = 4; lastKnownFileType = sourcecode.c.h; path = MBProgressHUD.h; sourceTree = "<group>"; };
		7D0D963E1A5E5B3A00D16BC0 /* MBProgressHUD.m */ = {isa = PBXFileReference; fileEncoding = 4; lastKnownFileType = sourcecode.c.objc; path = MBProgressHUD.m; sourceTree = "<group>"; };
		7D26106C1A2DEF8900BC5FEF /* GCDWebServer.h */ = {isa = PBXFileReference; fileEncoding = 4; lastKnownFileType = sourcecode.c.h; path = GCDWebServer.h; sourceTree = "<group>"; };
		7D26106D1A2DEF8900BC5FEF /* GCDWebServer.m */ = {isa = PBXFileReference; fileEncoding = 4; lastKnownFileType = sourcecode.c.objc; path = GCDWebServer.m; sourceTree = "<group>"; };
		7D26106E1A2DEF8900BC5FEF /* GCDWebServerConnection.h */ = {isa = PBXFileReference; fileEncoding = 4; lastKnownFileType = sourcecode.c.h; path = GCDWebServerConnection.h; sourceTree = "<group>"; };
		7D26106F1A2DEF8900BC5FEF /* GCDWebServerConnection.m */ = {isa = PBXFileReference; fileEncoding = 4; lastKnownFileType = sourcecode.c.objc; path = GCDWebServerConnection.m; sourceTree = "<group>"; };
		7D2610701A2DEF8900BC5FEF /* GCDWebServerFunctions.h */ = {isa = PBXFileReference; fileEncoding = 4; lastKnownFileType = sourcecode.c.h; path = GCDWebServerFunctions.h; sourceTree = "<group>"; };
		7D2610711A2DEF8900BC5FEF /* GCDWebServerFunctions.m */ = {isa = PBXFileReference; fileEncoding = 4; lastKnownFileType = sourcecode.c.objc; path = GCDWebServerFunctions.m; sourceTree = "<group>"; };
		7D2610721A2DEF8900BC5FEF /* GCDWebServerHTTPStatusCodes.h */ = {isa = PBXFileReference; fileEncoding = 4; lastKnownFileType = sourcecode.c.h; path = GCDWebServerHTTPStatusCodes.h; sourceTree = "<group>"; };
		7D2610731A2DEF8900BC5FEF /* GCDWebServerPrivate.h */ = {isa = PBXFileReference; fileEncoding = 4; lastKnownFileType = sourcecode.c.h; path = GCDWebServerPrivate.h; sourceTree = "<group>"; };
		7D2610741A2DEF8900BC5FEF /* GCDWebServerRequest.h */ = {isa = PBXFileReference; fileEncoding = 4; lastKnownFileType = sourcecode.c.h; path = GCDWebServerRequest.h; sourceTree = "<group>"; };
		7D2610751A2DEF8900BC5FEF /* GCDWebServerRequest.m */ = {isa = PBXFileReference; fileEncoding = 4; lastKnownFileType = sourcecode.c.objc; path = GCDWebServerRequest.m; sourceTree = "<group>"; };
		7D2610761A2DEF8900BC5FEF /* GCDWebServerResponse.h */ = {isa = PBXFileReference; fileEncoding = 4; lastKnownFileType = sourcecode.c.h; path = GCDWebServerResponse.h; sourceTree = "<group>"; };
		7D2610771A2DEF8900BC5FEF /* GCDWebServerResponse.m */ = {isa = PBXFileReference; fileEncoding = 4; lastKnownFileType = sourcecode.c.objc; path = GCDWebServerResponse.m; sourceTree = "<group>"; };
		7D2610791A2DEF8900BC5FEF /* GCDWebServerDataRequest.h */ = {isa = PBXFileReference; fileEncoding = 4; lastKnownFileType = sourcecode.c.h; path = GCDWebServerDataRequest.h; sourceTree = "<group>"; };
		7D26107A1A2DEF8900BC5FEF /* GCDWebServerDataRequest.m */ = {isa = PBXFileReference; fileEncoding = 4; lastKnownFileType = sourcecode.c.objc; path = GCDWebServerDataRequest.m; sourceTree = "<group>"; };
		7D26107B1A2DEF8900BC5FEF /* GCDWebServerFileRequest.h */ = {isa = PBXFileReference; fileEncoding = 4; lastKnownFileType = sourcecode.c.h; path = GCDWebServerFileRequest.h; sourceTree = "<group>"; };
		7D26107C1A2DEF8900BC5FEF /* GCDWebServerFileRequest.m */ = {isa = PBXFileReference; fileEncoding = 4; lastKnownFileType = sourcecode.c.objc; path = GCDWebServerFileRequest.m; sourceTree = "<group>"; };
		7D26107D1A2DEF8900BC5FEF /* GCDWebServerMultiPartFormRequest.h */ = {isa = PBXFileReference; fileEncoding = 4; lastKnownFileType = sourcecode.c.h; path = GCDWebServerMultiPartFormRequest.h; sourceTree = "<group>"; };
		7D26107E1A2DEF8900BC5FEF /* GCDWebServerMultiPartFormRequest.m */ = {isa = PBXFileReference; fileEncoding = 4; lastKnownFileType = sourcecode.c.objc; path = GCDWebServerMultiPartFormRequest.m; sourceTree = "<group>"; };
		7D26107F1A2DEF8900BC5FEF /* GCDWebServerURLEncodedFormRequest.h */ = {isa = PBXFileReference; fileEncoding = 4; lastKnownFileType = sourcecode.c.h; path = GCDWebServerURLEncodedFormRequest.h; sourceTree = "<group>"; };
		7D2610801A2DEF8900BC5FEF /* GCDWebServerURLEncodedFormRequest.m */ = {isa = PBXFileReference; fileEncoding = 4; lastKnownFileType = sourcecode.c.objc; path = GCDWebServerURLEncodedFormRequest.m; sourceTree = "<group>"; };
		7D2610821A2DEF8900BC5FEF /* GCDWebServerDataResponse.h */ = {isa = PBXFileReference; fileEncoding = 4; lastKnownFileType = sourcecode.c.h; path = GCDWebServerDataResponse.h; sourceTree = "<group>"; };
		7D2610831A2DEF8900BC5FEF /* GCDWebServerDataResponse.m */ = {isa = PBXFileReference; fileEncoding = 4; lastKnownFileType = sourcecode.c.objc; path = GCDWebServerDataResponse.m; sourceTree = "<group>"; };
		7D2610841A2DEF8900BC5FEF /* GCDWebServerErrorResponse.h */ = {isa = PBXFileReference; fileEncoding = 4; lastKnownFileType = sourcecode.c.h; path = GCDWebServerErrorResponse.h; sourceTree = "<group>"; };
		7D2610851A2DEF8900BC5FEF /* GCDWebServerErrorResponse.m */ = {isa = PBXFileReference; fileEncoding = 4; lastKnownFileType = sourcecode.c.objc; path = GCDWebServerErrorResponse.m; sourceTree = "<group>"; };
		7D2610861A2DEF8900BC5FEF /* GCDWebServerFileResponse.h */ = {isa = PBXFileReference; fileEncoding = 4; lastKnownFileType = sourcecode.c.h; path = GCDWebServerFileResponse.h; sourceTree = "<group>"; };
		7D2610871A2DEF8900BC5FEF /* GCDWebServerFileResponse.m */ = {isa = PBXFileReference; fileEncoding = 4; lastKnownFileType = sourcecode.c.objc; path = GCDWebServerFileResponse.m; sourceTree = "<group>"; };
		7D2610881A2DEF8900BC5FEF /* GCDWebServerStreamedResponse.h */ = {isa = PBXFileReference; fileEncoding = 4; lastKnownFileType = sourcecode.c.h; path = GCDWebServerStreamedResponse.h; sourceTree = "<group>"; };
		7D2610891A2DEF8900BC5FEF /* GCDWebServerStreamedResponse.m */ = {isa = PBXFileReference; fileEncoding = 4; lastKnownFileType = sourcecode.c.objc; path = GCDWebServerStreamedResponse.m; sourceTree = "<group>"; };
		7D26109C1A2DF3AF00BC5FEF /* PTPacServer.h */ = {isa = PBXFileReference; fileEncoding = 4; lastKnownFileType = sourcecode.c.h; path = PTPacServer.h; sourceTree = "<group>"; };
		7D26109D1A2DF3AF00BC5FEF /* PTPacServer.m */ = {isa = PBXFileReference; fileEncoding = 4; lastKnownFileType = sourcecode.c.objc; path = PTPacServer.m; sourceTree = "<group>"; };
		7D2610AE1A2EF3D300BC5FEF /* Base */ = {isa = PBXFileReference; lastKnownFileType = text.plist.strings; name = Base; path = Base.lproj/InfoPlist.strings; sourceTree = "<group>"; };
		7D2610B01A2EF47B00BC5FEF /* zh-Hans */ = {isa = PBXFileReference; lastKnownFileType = text.plist.strings; name = "zh-Hans"; path = "zh-Hans.lproj/InfoPlist.strings"; sourceTree = "<group>"; };
		7D2748871A6A1DA6009B7352 /* portrait.jpg */ = {isa = PBXFileReference; lastKnownFileType = image.jpeg; path = portrait.jpg; sourceTree = "<group>"; };
		7D2748891A6A306A009B7352 /* PTAboutVC.h */ = {isa = PBXFileReference; fileEncoding = 4; lastKnownFileType = sourcecode.c.h; path = PTAboutVC.h; sourceTree = "<group>"; };
		7D27488A1A6A306A009B7352 /* PTAboutVC.m */ = {isa = PBXFileReference; fileEncoding = 4; lastKnownFileType = sourcecode.c.objc; path = PTAboutVC.m; sourceTree = "<group>"; };
		7D2895D01A4146BF00F52D66 /* LaunchScreen.xib */ = {isa = PBXFileReference; fileEncoding = 4; lastKnownFileType = file.xib; path = LaunchScreen.xib; sourceTree = "<group>"; };
		7D2E59CC1A1B468D00C196CB /* NSMutableArray+Queue.h */ = {isa = PBXFileReference; fileEncoding = 4; lastKnownFileType = sourcecode.c.h; path = "NSMutableArray+Queue.h"; sourceTree = "<group>"; };
		7D2E59CD1A1B468D00C196CB /* NSMutableArray+Queue.m */ = {isa = PBXFileReference; fileEncoding = 4; lastKnownFileType = sourcecode.c.objc; path = "NSMutableArray+Queue.m"; sourceTree = "<group>"; };
		7D2E59CE1A1B468D00C196CB /* NSMutableArray+Stack.h */ = {isa = PBXFileReference; fileEncoding = 4; lastKnownFileType = sourcecode.c.h; path = "NSMutableArray+Stack.h"; sourceTree = "<group>"; };
		7D2E59CF1A1B468D00C196CB /* NSMutableArray+Stack.m */ = {isa = PBXFileReference; fileEncoding = 4; lastKnownFileType = sourcecode.c.objc; path = "NSMutableArray+Stack.m"; sourceTree = "<group>"; };
		7D2E59D21A1B48F100C196CB /* SSHTCPDirectTunnel.h */ = {isa = PBXFileReference; fileEncoding = 4; lastKnownFileType = sourcecode.c.h; path = SSHTCPDirectTunnel.h; sourceTree = "<group>"; };
		7D2E59D31A1B48F100C196CB /* SSHTCPDirectTunnel.m */ = {isa = PBXFileReference; fileEncoding = 4; lastKnownFileType = sourcecode.c.objc; path = SSHTCPDirectTunnel.m; sourceTree = "<group>"; };
		7D2E59D51A1B774B00C196CB /* SSHProxyDelegate.h */ = {isa = PBXFileReference; lastKnownFileType = sourcecode.c.h; path = SSHProxyDelegate.h; sourceTree = "<group>"; };
		7D4B3F081A26133200C64E3C /* CommonDef.h */ = {isa = PBXFileReference; fileEncoding = 4; lastKnownFileType = sourcecode.c.h; path = CommonDef.h; sourceTree = "<group>"; };
		7D4B3F0B1A26133200C64E3C /* CocoaLumberjack.h */ = {isa = PBXFileReference; fileEncoding = 4; lastKnownFileType = sourcecode.c.h; path = CocoaLumberjack.h; sourceTree = "<group>"; };
		7D4B3F0C1A26133200C64E3C /* DDAbstractDatabaseLogger.h */ = {isa = PBXFileReference; fileEncoding = 4; lastKnownFileType = sourcecode.c.h; path = DDAbstractDatabaseLogger.h; sourceTree = "<group>"; };
		7D4B3F0D1A26133200C64E3C /* DDAbstractDatabaseLogger.m */ = {isa = PBXFileReference; fileEncoding = 4; lastKnownFileType = sourcecode.c.objc; path = DDAbstractDatabaseLogger.m; sourceTree = "<group>"; };
		7D4B3F0E1A26133200C64E3C /* DDASLLogCapture.h */ = {isa = PBXFileReference; fileEncoding = 4; lastKnownFileType = sourcecode.c.h; path = DDASLLogCapture.h; sourceTree = "<group>"; };
		7D4B3F0F1A26133200C64E3C /* DDASLLogCapture.m */ = {isa = PBXFileReference; fileEncoding = 4; lastKnownFileType = sourcecode.c.objc; path = DDASLLogCapture.m; sourceTree = "<group>"; };
		7D4B3F101A26133200C64E3C /* DDASLLogger.h */ = {isa = PBXFileReference; fileEncoding = 4; lastKnownFileType = sourcecode.c.h; path = DDASLLogger.h; sourceTree = "<group>"; };
		7D4B3F111A26133200C64E3C /* DDASLLogger.m */ = {isa = PBXFileReference; fileEncoding = 4; lastKnownFileType = sourcecode.c.objc; path = DDASLLogger.m; sourceTree = "<group>"; };
		7D4B3F121A26133200C64E3C /* DDAssertMacros.h */ = {isa = PBXFileReference; fileEncoding = 4; lastKnownFileType = sourcecode.c.h; path = DDAssertMacros.h; sourceTree = "<group>"; };
		7D4B3F131A26133200C64E3C /* DDFileLogger.h */ = {isa = PBXFileReference; fileEncoding = 4; lastKnownFileType = sourcecode.c.h; path = DDFileLogger.h; sourceTree = "<group>"; };
		7D4B3F141A26133200C64E3C /* DDFileLogger.m */ = {isa = PBXFileReference; fileEncoding = 4; lastKnownFileType = sourcecode.c.objc; path = DDFileLogger.m; sourceTree = "<group>"; };
		7D4B3F151A26133200C64E3C /* DDLog+LOGV.h */ = {isa = PBXFileReference; fileEncoding = 4; lastKnownFileType = sourcecode.c.h; path = "DDLog+LOGV.h"; sourceTree = "<group>"; };
		7D4B3F161A26133200C64E3C /* DDLog.h */ = {isa = PBXFileReference; fileEncoding = 4; lastKnownFileType = sourcecode.c.h; path = DDLog.h; sourceTree = "<group>"; };
		7D4B3F171A26133200C64E3C /* DDLog.m */ = {isa = PBXFileReference; fileEncoding = 4; lastKnownFileType = sourcecode.c.objc; path = DDLog.m; sourceTree = "<group>"; };
		7D4B3F181A26133200C64E3C /* DDLogMacros.h */ = {isa = PBXFileReference; fileEncoding = 4; lastKnownFileType = sourcecode.c.h; path = DDLogMacros.h; sourceTree = "<group>"; };
		7D4B3F191A26133200C64E3C /* DDTTYLogger.h */ = {isa = PBXFileReference; fileEncoding = 4; lastKnownFileType = sourcecode.c.h; path = DDTTYLogger.h; sourceTree = "<group>"; };
		7D4B3F1A1A26133200C64E3C /* DDTTYLogger.m */ = {isa = PBXFileReference; fileEncoding = 4; lastKnownFileType = sourcecode.c.objc; path = DDTTYLogger.m; sourceTree = "<group>"; };
		7D4B3F1C1A26133200C64E3C /* DDContextFilterLogFormatter.h */ = {isa = PBXFileReference; fileEncoding = 4; lastKnownFileType = sourcecode.c.h; path = DDContextFilterLogFormatter.h; sourceTree = "<group>"; };
		7D4B3F1D1A26133200C64E3C /* DDContextFilterLogFormatter.m */ = {isa = PBXFileReference; fileEncoding = 4; lastKnownFileType = sourcecode.c.objc; path = DDContextFilterLogFormatter.m; sourceTree = "<group>"; };
		7D4B3F1E1A26133200C64E3C /* DDDispatchQueueLogFormatter.h */ = {isa = PBXFileReference; fileEncoding = 4; lastKnownFileType = sourcecode.c.h; path = DDDispatchQueueLogFormatter.h; sourceTree = "<group>"; };
		7D4B3F1F1A26133200C64E3C /* DDDispatchQueueLogFormatter.m */ = {isa = PBXFileReference; fileEncoding = 4; lastKnownFileType = sourcecode.c.objc; path = DDDispatchQueueLogFormatter.m; sourceTree = "<group>"; };
		7D4B3F201A26133200C64E3C /* DDMultiFormatter.h */ = {isa = PBXFileReference; fileEncoding = 4; lastKnownFileType = sourcecode.c.h; path = DDMultiFormatter.h; sourceTree = "<group>"; };
		7D4B3F211A26133200C64E3C /* DDMultiFormatter.m */ = {isa = PBXFileReference; fileEncoding = 4; lastKnownFileType = sourcecode.c.objc; path = DDMultiFormatter.m; sourceTree = "<group>"; };
		7D4B3F221A26133200C64E3C /* NSThread+SequenceNumber.h */ = {isa = PBXFileReference; fileEncoding = 4; lastKnownFileType = sourcecode.c.h; path = "NSThread+SequenceNumber.h"; sourceTree = "<group>"; };
		7D4B3F231A26133200C64E3C /* NSThread+SequenceNumber.m */ = {isa = PBXFileReference; fileEncoding = 4; lastKnownFileType = sourcecode.c.objc; path = "NSThread+SequenceNumber.m"; sourceTree = "<group>"; };
		7D4B3F241A26133200C64E3C /* KPLog.h */ = {isa = PBXFileReference; fileEncoding = 4; lastKnownFileType = sourcecode.c.h; path = KPLog.h; sourceTree = "<group>"; };
		7D4B3F251A26133200C64E3C /* KPLog.m */ = {isa = PBXFileReference; fileEncoding = 4; lastKnownFileType = sourcecode.c.objc; path = KPLog.m; sourceTree = "<group>"; };
		7D4B3F261A26133200C64E3C /* KPLogFormatter.h */ = {isa = PBXFileReference; fileEncoding = 4; lastKnownFileType = sourcecode.c.h; path = KPLogFormatter.h; sourceTree = "<group>"; };
		7D4B3F271A26133200C64E3C /* KPLogFormatter.m */ = {isa = PBXFileReference; fileEncoding = 4; lastKnownFileType = sourcecode.c.objc; path = KPLogFormatter.m; sourceTree = "<group>"; };
		7D4B3F351A2616DC00C64E3C /* KPBackgroundRunner.h */ = {isa = PBXFileReference; fileEncoding = 4; lastKnownFileType = sourcecode.c.h; path = KPBackgroundRunner.h; sourceTree = "<group>"; };
		7D4B3F361A2616DC00C64E3C /* KPBackgroundRunner.m */ = {isa = PBXFileReference; fileEncoding = 4; lastKnownFileType = sourcecode.c.objc; path = KPBackgroundRunner.m; sourceTree = "<group>"; };
		7D4B3F371A2616DC00C64E3C /* mute.mp3 */ = {isa = PBXFileReference; lastKnownFileType = audio.mp3; path = mute.mp3; sourceTree = "<group>"; };
		7D75E2F51A0A068300E022F2 /* PrettyTunnel.app */ = {isa = PBXFileReference; explicitFileType = wrapper.application; includeInIndex = 0; path = PrettyTunnel.app; sourceTree = BUILT_PRODUCTS_DIR; };
		7D75E2F91A0A068300E022F2 /* Info.plist */ = {isa = PBXFileReference; lastKnownFileType = text.plist.xml; path = Info.plist; sourceTree = "<group>"; };
		7D75E2FA1A0A068300E022F2 /* main.m */ = {isa = PBXFileReference; lastKnownFileType = sourcecode.c.objc; path = main.m; sourceTree = "<group>"; };
		7D75E2FC1A0A068300E022F2 /* AppDelegate.h */ = {isa = PBXFileReference; lastKnownFileType = sourcecode.c.h; path = AppDelegate.h; sourceTree = "<group>"; };
		7D75E2FD1A0A068300E022F2 /* AppDelegate.m */ = {isa = PBXFileReference; lastKnownFileType = sourcecode.c.objc; path = AppDelegate.m; sourceTree = "<group>"; };
		7D75E3031A0A068300E022F2 /* Base */ = {isa = PBXFileReference; lastKnownFileType = file.storyboard; name = Base; path = Base.lproj/Main.storyboard; sourceTree = "<group>"; };
		7D75E3051A0A068300E022F2 /* Images.xcassets */ = {isa = PBXFileReference; lastKnownFileType = folder.assetcatalog; path = Images.xcassets; sourceTree = "<group>"; };
		7D75E3131A0A068300E022F2 /* Info.plist */ = {isa = PBXFileReference; lastKnownFileType = text.plist.xml; path = Info.plist; sourceTree = "<group>"; };
		7D75E3141A0A068300E022F2 /* PrettyTunnelTests.m */ = {isa = PBXFileReference; lastKnownFileType = sourcecode.c.objc; path = PrettyTunnelTests.m; sourceTree = "<group>"; };
		7D75E31F1A0A08C200E022F2 /* GCDAsyncSocket.h */ = {isa = PBXFileReference; fileEncoding = 4; lastKnownFileType = sourcecode.c.h; path = GCDAsyncSocket.h; sourceTree = "<group>"; };
		7D75E3201A0A08C200E022F2 /* GCDAsyncSocket.m */ = {isa = PBXFileReference; fileEncoding = 4; lastKnownFileType = sourcecode.c.objc; path = GCDAsyncSocket.m; sourceTree = "<group>"; };
		7D75E3211A0A08C200E022F2 /* GCDAsyncUdpSocket.h */ = {isa = PBXFileReference; fileEncoding = 4; lastKnownFileType = sourcecode.c.h; path = GCDAsyncUdpSocket.h; sourceTree = "<group>"; };
		7D75E3221A0A08C200E022F2 /* GCDAsyncUdpSocket.m */ = {isa = PBXFileReference; fileEncoding = 4; lastKnownFileType = sourcecode.c.objc; path = GCDAsyncUdpSocket.m; sourceTree = "<group>"; };
		7DD9D0991A67BCA9001E92C6 /* PrivateSystemConfiguration.h */ = {isa = PBXFileReference; lastKnownFileType = sourcecode.c.h; path = PrivateSystemConfiguration.h; sourceTree = "<group>"; };
		7DD9D09D1A67C4B3001E92C6 /* TTSystemProxyManager.h */ = {isa = PBXFileReference; fileEncoding = 4; lastKnownFileType = sourcecode.c.h; path = TTSystemProxyManager.h; sourceTree = "<group>"; };
		7DD9D09E1A67C4B3001E92C6 /* TTSystemProxyManager.m */ = {isa = PBXFileReference; fileEncoding = 4; lastKnownFileType = sourcecode.c.objc; path = TTSystemProxyManager.m; sourceTree = "<group>"; };
		7DD9D0A01A68C0BE001E92C6 /* SystemConfiguration.framework */ = {isa = PBXFileReference; lastKnownFileType = wrapper.framework; name = SystemConfiguration.framework; path = System/Library/Frameworks/SystemConfiguration.framework; sourceTree = SDKROOT; };
		7DD9D0A21A68E6BF001E92C6 /* TTCFEasyReleasePool.h */ = {isa = PBXFileReference; fileEncoding = 4; lastKnownFileType = sourcecode.c.h; path = TTCFEasyReleasePool.h; sourceTree = "<group>"; };
		7DD9D0A31A68E6BF001E92C6 /* TTCFEasyReleasePool.m */ = {isa = PBXFileReference; fileEncoding = 4; lastKnownFileType = sourcecode.c.objc; path = TTCFEasyReleasePool.m; sourceTree = "<group>"; };
		7DD9D0BA1A68FE10001E92C6 /* PrettyTunnel.entitlements */ = {isa = PBXFileReference; fileEncoding = 4; lastKnownFileType = text.xml; path = PrettyTunnel.entitlements; sourceTree = "<group>"; };
		7DE0A5771A30555400B3E50F /* Base */ = {isa = PBXFileReference; lastKnownFileType = text.plist.strings; name = Base; path = Base.lproj/Localizable.strings; sourceTree = "<group>"; };
		7DE0A5791A30555600B3E50F /* zh-Hans */ = {isa = PBXFileReference; lastKnownFileType = text.plist.strings; name = "zh-Hans"; path = "zh-Hans.lproj/Localizable.strings"; sourceTree = "<group>"; };
		7DE0A5871A307A5000B3E50F /* AutoLocalize.h */ = {isa = PBXFileReference; fileEncoding = 4; lastKnownFileType = sourcecode.c.h; path = AutoLocalize.h; sourceTree = "<group>"; };
		7DE0A5881A307A5000B3E50F /* AutoLocalize.m */ = {isa = PBXFileReference; fileEncoding = 4; lastKnownFileType = sourcecode.c.objc; path = AutoLocalize.m; sourceTree = "<group>"; };
		7DE0A5911A308B2300B3E50F /* PTMainSettingsVC.h */ = {isa = PBXFileReference; fileEncoding = 4; lastKnownFileType = sourcecode.c.h; path = PTMainSettingsVC.h; sourceTree = "<group>"; };
		7DE0A5921A308B2300B3E50F /* PTMainSettingsVC.m */ = {isa = PBXFileReference; fileEncoding = 4; lastKnownFileType = sourcecode.c.objc; path = PTMainSettingsVC.m; sourceTree = "<group>"; };
		7DE0A5981A35D8A500B3E50F /* PTConnectionSettings.h */ = {isa = PBXFileReference; fileEncoding = 4; lastKnownFileType = sourcecode.c.h; path = PTConnectionSettings.h; sourceTree = "<group>"; };
		7DE0A5991A35D8A500B3E50F /* PTConnectionSettings.m */ = {isa = PBXFileReference; fileEncoding = 4; lastKnownFileType = sourcecode.c.objc; path = PTConnectionSettings.m; sourceTree = "<group>"; };
		7DE0A59C1A35DB5200B3E50F /* PTPreference.h */ = {isa = PBXFileReference; fileEncoding = 4; lastKnownFileType = sourcecode.c.h; path = PTPreference.h; sourceTree = "<group>"; };
		7DE0A59D1A35DB5200B3E50F /* PTPreference.m */ = {isa = PBXFileReference; fileEncoding = 4; lastKnownFileType = sourcecode.c.objc; path = PTPreference.m; sourceTree = "<group>"; };
		7DE0A5A61A35E74200B3E50F /* UIView+UserData.h */ = {isa = PBXFileReference; fileEncoding = 4; lastKnownFileType = sourcecode.c.h; path = "UIView+UserData.h"; sourceTree = "<group>"; };
		7DE0A5A71A35E74200B3E50F /* UIView+UserData.m */ = {isa = PBXFileReference; fileEncoding = 4; lastKnownFileType = sourcecode.c.objc; path = "UIView+UserData.m"; sourceTree = "<group>"; };
		7DEE9A671A0A557000E52C04 /* SOCKSProxy.h */ = {isa = PBXFileReference; fileEncoding = 4; lastKnownFileType = sourcecode.c.h; path = SOCKSProxy.h; sourceTree = "<group>"; };
		7DEE9A681A0A557000E52C04 /* SOCKSProxy.m */ = {isa = PBXFileReference; fileEncoding = 4; lastKnownFileType = sourcecode.c.objc; path = SOCKSProxy.m; sourceTree = "<group>"; };
		7DEE9A691A0A557000E52C04 /* SOCKSProxySocket.h */ = {isa = PBXFileReference; fileEncoding = 4; lastKnownFileType = sourcecode.c.h; path = SOCKSProxySocket.h; sourceTree = "<group>"; };
		7DEE9A6A1A0A557000E52C04 /* SOCKSProxySocket.m */ = {isa = PBXFileReference; fileEncoding = 4; lastKnownFileType = sourcecode.c.objc; path = SOCKSProxySocket.m; sourceTree = "<group>"; };
		7DEE9A7A1A0B779300E52C04 /* ErrorCheck.h */ = {isa = PBXFileReference; fileEncoding = 4; lastKnownFileType = sourcecode.c.h; path = ErrorCheck.h; sourceTree = "<group>"; };
		7DEE9A7B1A0B780100E52C04 /* Prefix.pch */ = {isa = PBXFileReference; lastKnownFileType = sourcecode.c.h; path = Prefix.pch; sourceTree = "<group>"; };
		7DEE9A801A0B7A0400E52C04 /* libcrypto.a */ = {isa = PBXFileReference; lastKnownFileType = archive.ar; name = libcrypto.a; path = "PrettyTunnel/framework/libssh2-for-iOS/lib/libcrypto.a"; sourceTree = "<group>"; };
		7DEE9A811A0B7A0400E52C04 /* libssh2.a */ = {isa = PBXFileReference; lastKnownFileType = archive.ar; name = libssh2.a; path = "PrettyTunnel/framework/libssh2-for-iOS/lib/libssh2.a"; sourceTree = "<group>"; };
		7DEE9A821A0B7A0400E52C04 /* libssl.a */ = {isa = PBXFileReference; lastKnownFileType = archive.ar; name = libssl.a; path = "PrettyTunnel/framework/libssh2-for-iOS/lib/libssl.a"; sourceTree = "<group>"; };
		7DEE9A861A0B7A1D00E52C04 /* libz.dylib */ = {isa = PBXFileReference; lastKnownFileType = "compiled.mach-o.dylib"; name = libz.dylib; path = usr/lib/libz.dylib; sourceTree = SDKROOT; };
		7DEE9A8A1A0B7CB700E52C04 /* SSHSession.h */ = {isa = PBXFileReference; fileEncoding = 4; lastKnownFileType = sourcecode.c.h; path = SSHSession.h; sourceTree = "<group>"; };
		7DEE9A8B1A0B7CB700E52C04 /* SSHSession.m */ = {isa = PBXFileReference; fileEncoding = 4; lastKnownFileType = sourcecode.c.objc; path = SSHSession.m; sourceTree = "<group>"; };
		7DEE9A8D1A0B7FBA00E52C04 /* SSHChannel.h */ = {isa = PBXFileReference; fileEncoding = 4; lastKnownFileType = sourcecode.c.h; path = SSHChannel.h; sourceTree = "<group>"; };
		7DEE9A8E1A0B7FBA00E52C04 /* SSHChannel.m */ = {isa = PBXFileReference; fileEncoding = 4; lastKnownFileType = sourcecode.c.objc; path = SSHChannel.m; sourceTree = "<group>"; };
		7DEE9A901A0BA29600E52C04 /* SSHGlobal.h */ = {isa = PBXFileReference; fileEncoding = 4; lastKnownFileType = sourcecode.c.h; path = SSHGlobal.h; sourceTree = "<group>"; };
		7DEE9A911A0BA29600E52C04 /* SSHGlobal.m */ = {isa = PBXFileReference; fileEncoding = 4; lastKnownFileType = sourcecode.c.objc; path = SSHGlobal.m; sourceTree = "<group>"; };
		7DEE9A931A0BA6AA00E52C04 /* NSOperationQueue+GlobalQueue.h */ = {isa = PBXFileReference; fileEncoding = 4; lastKnownFileType = sourcecode.c.h; path = "NSOperationQueue+GlobalQueue.h"; sourceTree = "<group>"; };
		7DEE9A941A0BA6AA00E52C04 /* NSOperationQueue+GlobalQueue.m */ = {isa = PBXFileReference; fileEncoding = 4; lastKnownFileType = sourcecode.c.objc; path = "NSOperationQueue+GlobalQueue.m"; sourceTree = "<group>"; };
/* End PBXFileReference section */

/* Begin PBXFrameworksBuildPhase section */
		7D75E2F21A0A068300E022F2 /* Frameworks */ = {
			isa = PBXFrameworksBuildPhase;
			buildActionMask = 2147483647;
			files = (
				7DD9D0A11A68C0BE001E92C6 /* SystemConfiguration.framework in Frameworks */,
				7DEE9A871A0B7A1D00E52C04 /* libz.dylib in Frameworks */,
				7DEE9A831A0B7A0400E52C04 /* libcrypto.a in Frameworks */,
				7DEE9A841A0B7A0400E52C04 /* libssh2.a in Frameworks */,
				7DEE9A851A0B7A0400E52C04 /* libssl.a in Frameworks */,
			);
			runOnlyForDeploymentPostprocessing = 0;
		};
/* End PBXFrameworksBuildPhase section */

/* Begin PBXGroup section */
		7D0D963C1A5E5B3A00D16BC0 /* MBProgressHUD */ = {
			isa = PBXGroup;
			children = (
				7D0D963D1A5E5B3A00D16BC0 /* MBProgressHUD.h */,
				7D0D963E1A5E5B3A00D16BC0 /* MBProgressHUD.m */,
			);
			path = MBProgressHUD;
			sourceTree = "<group>";
		};
		7D26106A1A2DEF8900BC5FEF /* GCDWebServer */ = {
			isa = PBXGroup;
			children = (
				7D26106B1A2DEF8900BC5FEF /* Core */,
				7D2610781A2DEF8900BC5FEF /* Requests */,
				7D2610811A2DEF8900BC5FEF /* Responses */,
			);
			path = GCDWebServer;
			sourceTree = "<group>";
		};
		7D26106B1A2DEF8900BC5FEF /* Core */ = {
			isa = PBXGroup;
			children = (
				7D26106C1A2DEF8900BC5FEF /* GCDWebServer.h */,
				7D26106D1A2DEF8900BC5FEF /* GCDWebServer.m */,
				7D26106E1A2DEF8900BC5FEF /* GCDWebServerConnection.h */,
				7D26106F1A2DEF8900BC5FEF /* GCDWebServerConnection.m */,
				7D2610701A2DEF8900BC5FEF /* GCDWebServerFunctions.h */,
				7D2610711A2DEF8900BC5FEF /* GCDWebServerFunctions.m */,
				7D2610721A2DEF8900BC5FEF /* GCDWebServerHTTPStatusCodes.h */,
				7D2610731A2DEF8900BC5FEF /* GCDWebServerPrivate.h */,
				7D2610741A2DEF8900BC5FEF /* GCDWebServerRequest.h */,
				7D2610751A2DEF8900BC5FEF /* GCDWebServerRequest.m */,
				7D2610761A2DEF8900BC5FEF /* GCDWebServerResponse.h */,
				7D2610771A2DEF8900BC5FEF /* GCDWebServerResponse.m */,
			);
			path = Core;
			sourceTree = "<group>";
		};
		7D2610781A2DEF8900BC5FEF /* Requests */ = {
			isa = PBXGroup;
			children = (
				7D2610791A2DEF8900BC5FEF /* GCDWebServerDataRequest.h */,
				7D26107A1A2DEF8900BC5FEF /* GCDWebServerDataRequest.m */,
				7D26107B1A2DEF8900BC5FEF /* GCDWebServerFileRequest.h */,
				7D26107C1A2DEF8900BC5FEF /* GCDWebServerFileRequest.m */,
				7D26107D1A2DEF8900BC5FEF /* GCDWebServerMultiPartFormRequest.h */,
				7D26107E1A2DEF8900BC5FEF /* GCDWebServerMultiPartFormRequest.m */,
				7D26107F1A2DEF8900BC5FEF /* GCDWebServerURLEncodedFormRequest.h */,
				7D2610801A2DEF8900BC5FEF /* GCDWebServerURLEncodedFormRequest.m */,
			);
			path = Requests;
			sourceTree = "<group>";
		};
		7D2610811A2DEF8900BC5FEF /* Responses */ = {
			isa = PBXGroup;
			children = (
				7D2610821A2DEF8900BC5FEF /* GCDWebServerDataResponse.h */,
				7D2610831A2DEF8900BC5FEF /* GCDWebServerDataResponse.m */,
				7D2610841A2DEF8900BC5FEF /* GCDWebServerErrorResponse.h */,
				7D2610851A2DEF8900BC5FEF /* GCDWebServerErrorResponse.m */,
				7D2610861A2DEF8900BC5FEF /* GCDWebServerFileResponse.h */,
				7D2610871A2DEF8900BC5FEF /* GCDWebServerFileResponse.m */,
				7D2610881A2DEF8900BC5FEF /* GCDWebServerStreamedResponse.h */,
				7D2610891A2DEF8900BC5FEF /* GCDWebServerStreamedResponse.m */,
			);
			path = Responses;
			sourceTree = "<group>";
		};
		7D26109B1A2DF37900BC5FEF /* PacServer */ = {
			isa = PBXGroup;
			children = (
				7D26109C1A2DF3AF00BC5FEF /* PTPacServer.h */,
				7D26109D1A2DF3AF00BC5FEF /* PTPacServer.m */,
			);
			path = PacServer;
			sourceTree = "<group>";
		};
		7D2748861A6A1DA6009B7352 /* Resource */ = {
			isa = PBXGroup;
			children = (
				7D2748871A6A1DA6009B7352 /* portrait.jpg */,
			);
			path = Resource;
			sourceTree = "<group>";
		};
		7D4B3F091A26133200C64E3C /* Log */ = {
			isa = PBXGroup;
			children = (
				7D4B3F0A1A26133200C64E3C /* DDLog */,
				7D4B3F241A26133200C64E3C /* KPLog.h */,
				7D4B3F251A26133200C64E3C /* KPLog.m */,
				7D4B3F261A26133200C64E3C /* KPLogFormatter.h */,
				7D4B3F271A26133200C64E3C /* KPLogFormatter.m */,
			);
			path = Log;
			sourceTree = "<group>";
		};
		7D4B3F0A1A26133200C64E3C /* DDLog */ = {
			isa = PBXGroup;
			children = (
				7D4B3F0B1A26133200C64E3C /* CocoaLumberjack.h */,
				7D4B3F0C1A26133200C64E3C /* DDAbstractDatabaseLogger.h */,
				7D4B3F0D1A26133200C64E3C /* DDAbstractDatabaseLogger.m */,
				7D4B3F0E1A26133200C64E3C /* DDASLLogCapture.h */,
				7D4B3F0F1A26133200C64E3C /* DDASLLogCapture.m */,
				7D4B3F101A26133200C64E3C /* DDASLLogger.h */,
				7D4B3F111A26133200C64E3C /* DDASLLogger.m */,
				7D4B3F121A26133200C64E3C /* DDAssertMacros.h */,
				7D4B3F131A26133200C64E3C /* DDFileLogger.h */,
				7D4B3F141A26133200C64E3C /* DDFileLogger.m */,
				7D4B3F151A26133200C64E3C /* DDLog+LOGV.h */,
				7D4B3F161A26133200C64E3C /* DDLog.h */,
				7D4B3F171A26133200C64E3C /* DDLog.m */,
				7D4B3F181A26133200C64E3C /* DDLogMacros.h */,
				7D4B3F191A26133200C64E3C /* DDTTYLogger.h */,
				7D4B3F1A1A26133200C64E3C /* DDTTYLogger.m */,
				7D4B3F1B1A26133200C64E3C /* Extensions */,
				7D4B3F221A26133200C64E3C /* NSThread+SequenceNumber.h */,
				7D4B3F231A26133200C64E3C /* NSThread+SequenceNumber.m */,
			);
			path = DDLog;
			sourceTree = "<group>";
		};
		7D4B3F1B1A26133200C64E3C /* Extensions */ = {
			isa = PBXGroup;
			children = (
				7D4B3F1C1A26133200C64E3C /* DDContextFilterLogFormatter.h */,
				7D4B3F1D1A26133200C64E3C /* DDContextFilterLogFormatter.m */,
				7D4B3F1E1A26133200C64E3C /* DDDispatchQueueLogFormatter.h */,
				7D4B3F1F1A26133200C64E3C /* DDDispatchQueueLogFormatter.m */,
				7D4B3F201A26133200C64E3C /* DDMultiFormatter.h */,
				7D4B3F211A26133200C64E3C /* DDMultiFormatter.m */,
			);
			path = Extensions;
			sourceTree = "<group>";
		};
		7D4B3F341A2616DC00C64E3C /* BackgroundRunner */ = {
			isa = PBXGroup;
			children = (
				7D4B3F351A2616DC00C64E3C /* KPBackgroundRunner.h */,
				7D4B3F361A2616DC00C64E3C /* KPBackgroundRunner.m */,
				7D4B3F371A2616DC00C64E3C /* mute.mp3 */,
			);
			path = BackgroundRunner;
			sourceTree = "<group>";
		};
		7D75E2EC1A0A068300E022F2 = {
			isa = PBXGroup;
			children = (
				7D75E2F71A0A068300E022F2 /* PrettyTunnel */,
				7DEE9A881A0B7A4E00E52C04 /* Frameworks */,
				7D75E3111A0A068300E022F2 /* PrettyTunnelTests */,
				7D75E2F61A0A068300E022F2 /* Products */,
			);
			sourceTree = "<group>";
		};
		7D75E2F61A0A068300E022F2 /* Products */ = {
			isa = PBXGroup;
			children = (
				7D75E2F51A0A068300E022F2 /* PrettyTunnel.app */,
			);
			name = Products;
			sourceTree = "<group>";
		};
		7D75E2F71A0A068300E022F2 /* PrettyTunnel */ = {
			isa = PBXGroup;
			children = (
				7DE0A59B1A35DB3B00B3E50F /* Preference */,
				7DE0A5901A308AFE00B3E50F /* UI */,
				7D26106A1A2DEF8900BC5FEF /* GCDWebServer */,
				7DEE9A791A0B779300E52C04 /* Misc */,
				7D4B3F341A2616DC00C64E3C /* BackgroundRunner */,
				7D75E31E1A0A08C200E022F2 /* GCDAsyncSocket */,
				7D75E3251A0A097E00E022F2 /* SocksV5Proxy */,
				7D75E2FC1A0A068300E022F2 /* AppDelegate.h */,
				7D75E2FD1A0A068300E022F2 /* AppDelegate.m */,
				7D75E3021A0A068300E022F2 /* Main.storyboard */,
				7D75E3051A0A068300E022F2 /* Images.xcassets */,
				7D75E2F81A0A068300E022F2 /* Supporting Files */,
			);
			path = PrettyTunnel;
			sourceTree = "<group>";
		};
		7D75E2F81A0A068300E022F2 /* Supporting Files */ = {
			isa = PBXGroup;
			children = (
				7D2748861A6A1DA6009B7352 /* Resource */,
				7D75E2F91A0A068300E022F2 /* Info.plist */,
				7D75E2FA1A0A068300E022F2 /* main.m */,
				7DEE9A7B1A0B780100E52C04 /* Prefix.pch */,
				7D2610AF1A2EF3D300BC5FEF /* InfoPlist.strings */,
				7DE0A5781A30555400B3E50F /* Localizable.strings */,
				7D2895D01A4146BF00F52D66 /* LaunchScreen.xib */,
				7DD9D0BA1A68FE10001E92C6 /* PrettyTunnel.entitlements */,
			);
			name = "Supporting Files";
			sourceTree = "<group>";
		};
		7D75E3111A0A068300E022F2 /* PrettyTunnelTests */ = {
			isa = PBXGroup;
			children = (
				7D75E3141A0A068300E022F2 /* PrettyTunnelTests.m */,
				7D75E3121A0A068300E022F2 /* Supporting Files */,
			);
			path = PrettyTunnelTests;
			sourceTree = "<group>";
		};
		7D75E3121A0A068300E022F2 /* Supporting Files */ = {
			isa = PBXGroup;
			children = (
				7D75E3131A0A068300E022F2 /* Info.plist */,
			);
			name = "Supporting Files";
			sourceTree = "<group>";
		};
		7D75E31E1A0A08C200E022F2 /* GCDAsyncSocket */ = {
			isa = PBXGroup;
			children = (
				7D75E31F1A0A08C200E022F2 /* GCDAsyncSocket.h */,
				7D75E3201A0A08C200E022F2 /* GCDAsyncSocket.m */,
				7D75E3211A0A08C200E022F2 /* GCDAsyncUdpSocket.h */,
				7D75E3221A0A08C200E022F2 /* GCDAsyncUdpSocket.m */,
			);
			path = GCDAsyncSocket;
			sourceTree = "<group>";
		};
		7D75E3251A0A097E00E022F2 /* SocksV5Proxy */ = {
			isa = PBXGroup;
			children = (
				7D26109B1A2DF37900BC5FEF /* PacServer */,
				7DEE9A891A0B7C8A00E52C04 /* SSHSession */,
				7DEE9A671A0A557000E52C04 /* SOCKSProxy.h */,
				7DEE9A681A0A557000E52C04 /* SOCKSProxy.m */,
				7DEE9A691A0A557000E52C04 /* SOCKSProxySocket.h */,
				7DEE9A6A1A0A557000E52C04 /* SOCKSProxySocket.m */,
				7D2E59D21A1B48F100C196CB /* SSHTCPDirectTunnel.h */,
				7D2E59D31A1B48F100C196CB /* SSHTCPDirectTunnel.m */,
				7D2E59D51A1B774B00C196CB /* SSHProxyDelegate.h */,
			);
			path = SocksV5Proxy;
			sourceTree = "<group>";
		};
		7DD9D0971A67BC7B001E92C6 /* PrivateAPI */ = {
			isa = PBXGroup;
			children = (
				7DD9D0981A67BC7B001E92C6 /* SystemConfiguration */,
			);
			path = PrivateAPI;
			sourceTree = "<group>";
		};
		7DD9D0981A67BC7B001E92C6 /* SystemConfiguration */ = {
			isa = PBXGroup;
			children = (
				7DD9D0991A67BCA9001E92C6 /* PrivateSystemConfiguration.h */,
				7DD9D09D1A67C4B3001E92C6 /* TTSystemProxyManager.h */,
				7DD9D09E1A67C4B3001E92C6 /* TTSystemProxyManager.m */,
			);
			path = SystemConfiguration;
			sourceTree = "<group>";
		};
		7DE0A5861A307A5000B3E50F /* AutoLocalize */ = {
			isa = PBXGroup;
			children = (
				7DE0A5871A307A5000B3E50F /* AutoLocalize.h */,
				7DE0A5881A307A5000B3E50F /* AutoLocalize.m */,
			);
			path = AutoLocalize;
			sourceTree = "<group>";
		};
		7DE0A5901A308AFE00B3E50F /* UI */ = {
			isa = PBXGroup;
			children = (
				7DE0A5911A308B2300B3E50F /* PTMainSettingsVC.h */,
				7DE0A5921A308B2300B3E50F /* PTMainSettingsVC.m */,
				7DE0A5981A35D8A500B3E50F /* PTConnectionSettings.h */,
				7DE0A5991A35D8A500B3E50F /* PTConnectionSettings.m */,
				7D2748891A6A306A009B7352 /* PTAboutVC.h */,
				7D27488A1A6A306A009B7352 /* PTAboutVC.m */,
			);
			path = UI;
			sourceTree = "<group>";
		};
		7DE0A59B1A35DB3B00B3E50F /* Preference */ = {
			isa = PBXGroup;
			children = (
				7DE0A59C1A35DB5200B3E50F /* PTPreference.h */,
				7DE0A59D1A35DB5200B3E50F /* PTPreference.m */,
			);
			path = Preference;
			sourceTree = "<group>";
		};
		7DEE9A791A0B779300E52C04 /* Misc */ = {
			isa = PBXGroup;
			children = (
				7DD9D0971A67BC7B001E92C6 /* PrivateAPI */,
				7D0D963C1A5E5B3A00D16BC0 /* MBProgressHUD */,
				7DE0A5861A307A5000B3E50F /* AutoLocalize */,
				7D4B3F091A26133200C64E3C /* Log */,
				7D4B3F081A26133200C64E3C /* CommonDef.h */,
				7D2E59CC1A1B468D00C196CB /* NSMutableArray+Queue.h */,
				7D2E59CD1A1B468D00C196CB /* NSMutableArray+Queue.m */,
				7D2E59CE1A1B468D00C196CB /* NSMutableArray+Stack.h */,
				7D2E59CF1A1B468D00C196CB /* NSMutableArray+Stack.m */,
				7DEE9A931A0BA6AA00E52C04 /* NSOperationQueue+GlobalQueue.h */,
				7DEE9A941A0BA6AA00E52C04 /* NSOperationQueue+GlobalQueue.m */,
				7DEE9A7A1A0B779300E52C04 /* ErrorCheck.h */,
				7DE0A5A61A35E74200B3E50F /* UIView+UserData.h */,
				7DE0A5A71A35E74200B3E50F /* UIView+UserData.m */,
				7DD9D0A21A68E6BF001E92C6 /* TTCFEasyReleasePool.h */,
				7DD9D0A31A68E6BF001E92C6 /* TTCFEasyReleasePool.m */,
			);
			path = Misc;
			sourceTree = "<group>";
		};
		7DEE9A881A0B7A4E00E52C04 /* Frameworks */ = {
			isa = PBXGroup;
			children = (
				7DD9D0A01A68C0BE001E92C6 /* SystemConfiguration.framework */,
				7DEE9A861A0B7A1D00E52C04 /* libz.dylib */,
				7DEE9A801A0B7A0400E52C04 /* libcrypto.a */,
				7DEE9A811A0B7A0400E52C04 /* libssh2.a */,
				7DEE9A821A0B7A0400E52C04 /* libssl.a */,
			);
			name = Frameworks;
			sourceTree = "<group>";
		};
		7DEE9A891A0B7C8A00E52C04 /* SSHSession */ = {
			isa = PBXGroup;
			children = (
				7DEE9A8A1A0B7CB700E52C04 /* SSHSession.h */,
				7DEE9A8B1A0B7CB700E52C04 /* SSHSession.m */,
				7DEE9A8D1A0B7FBA00E52C04 /* SSHChannel.h */,
				7DEE9A8E1A0B7FBA00E52C04 /* SSHChannel.m */,
				7DEE9A901A0BA29600E52C04 /* SSHGlobal.h */,
				7DEE9A911A0BA29600E52C04 /* SSHGlobal.m */,
			);
			path = SSHSession;
			sourceTree = "<group>";
		};
/* End PBXGroup section */

/* Begin PBXNativeTarget section */
		7D75E2F41A0A068300E022F2 /* PrettyTunnel */ = {
			isa = PBXNativeTarget;
			buildConfigurationList = 7D75E3181A0A068300E022F2 /* Build configuration list for PBXNativeTarget "PrettyTunnel" */;
			buildPhases = (
				7D75E2F11A0A068300E022F2 /* Sources */,
				7DEE9A741A0B6F1900E52C04 /* Run Script */,
				7D75E2F21A0A068300E022F2 /* Frameworks */,
				7D75E2F31A0A068300E022F2 /* Resources */,
			);
			buildRules = (
			);
			dependencies = (
			);
			name = PrettyTunnel;
			productName = PrettyTunnel;
			productReference = 7D75E2F51A0A068300E022F2 /* PrettyTunnel.app */;
			productType = "com.apple.product-type.application";
		};
/* End PBXNativeTarget section */

/* Begin PBXProject section */
		7D75E2ED1A0A068300E022F2 /* Project object */ = {
			isa = PBXProject;
			attributes = {
				LastUpgradeCheck = 0610;
				TargetAttributes = {
					7D75E2F41A0A068300E022F2 = {
						CreatedOnToolsVersion = 6.1;
						SystemCapabilities = {
							com.apple.BackgroundModes = {
								enabled = 1;
							};
						};
					};
				};
			};
			buildConfigurationList = 7D75E2F01A0A068300E022F2 /* Build configuration list for PBXProject "PrettyTunnel" */;
			compatibilityVersion = "Xcode 3.2";
			developmentRegion = English;
			hasScannedForEncodings = 0;
			knownRegions = (
				en,
				Base,
				"zh-Hans",
			);
			mainGroup = 7D75E2EC1A0A068300E022F2;
			productRefGroup = 7D75E2F61A0A068300E022F2 /* Products */;
			projectDirPath = "";
			projectRoot = "";
			targets = (
				7D75E2F41A0A068300E022F2 /* PrettyTunnel */,
			);
		};
/* End PBXProject section */

/* Begin PBXResourcesBuildPhase section */
		7D75E2F31A0A068300E022F2 /* Resources */ = {
			isa = PBXResourcesBuildPhase;
			buildActionMask = 2147483647;
			files = (
				7D2748881A6A1DA6009B7352 /* portrait.jpg in Resources */,
				7DD9D0BB1A68FE10001E92C6 /* PrettyTunnel.entitlements in Resources */,
				7DE0A5761A30555400B3E50F /* Localizable.strings in Resources */,
				7D75E3041A0A068300E022F2 /* Main.storyboard in Resources */,
				7D2610AD1A2EF3D300BC5FEF /* InfoPlist.strings in Resources */,
				7D4B3F391A2616DC00C64E3C /* mute.mp3 in Resources */,
				7D2895D11A4146BF00F52D66 /* LaunchScreen.xib in Resources */,
				7D75E3061A0A068300E022F2 /* Images.xcassets in Resources */,
			);
			runOnlyForDeploymentPostprocessing = 0;
		};
/* End PBXResourcesBuildPhase section */

/* Begin PBXShellScriptBuildPhase section */
		7DEE9A741A0B6F1900E52C04 /* Run Script */ = {
			isa = PBXShellScriptBuildPhase;
			buildActionMask = 2147483647;
			files = (
			);
			inputPaths = (
			);
			name = "Run Script";
			outputPaths = (
			);
			runOnlyForDeploymentPostprocessing = 0;
			shellPath = /bin/sh;
			shellScript = "# xcode-build-bump.sh\n# @desc Auto-increment the build number every time the project is run.\n# @usage\n# 1. Select: your Target in Xcode\n# 2. Select: Build Phases Tab\n# 3. Select: Add Build Phase -> Add Run Script\n# 4. Paste code below in to new \"Run Script\" section\n# 5. Drag the \"Run Script\" below \"Link Binaries With Libraries\"\n# 6. Insure that your starting build number is set to a whole integer and not a float (e.g. 1, not 1.0)\n\nbuildNumber=$(/usr/libexec/PlistBuddy -c \"Print CFBundleVersion\" \"${PROJECT_DIR}/${INFOPLIST_FILE}\")\nbuildNumber=$(($buildNumber + 1))\n/usr/libexec/PlistBuddy -c \"Set :CFBundleVersion $buildNumber\" \"${PROJECT_DIR}/${INFOPLIST_FILE}\"";
		};
/* End PBXShellScriptBuildPhase section */

/* Begin PBXSourcesBuildPhase section */
		7D75E2F11A0A068300E022F2 /* Sources */ = {
			isa = PBXSourcesBuildPhase;
			buildActionMask = 2147483647;
			files = (
				7D26108A1A2DEF8900BC5FEF /* GCDWebServer.m in Sources */,
				7D4B3F331A26133200C64E3C /* KPLogFormatter.m in Sources */,
				7D2E59D11A1B468D00C196CB /* NSMutableArray+Stack.m in Sources */,
				7D26108E1A2DEF8900BC5FEF /* GCDWebServerResponse.m in Sources */,
				7D2610901A2DEF8900BC5FEF /* GCDWebServerFileRequest.m in Sources */,
				7D4B3F2D1A26133200C64E3C /* DDTTYLogger.m in Sources */,
				7D26108F1A2DEF8900BC5FEF /* GCDWebServerDataRequest.m in Sources */,
				7DEE9A8F1A0B7FBA00E52C04 /* SSHChannel.m in Sources */,
				7DD9D0A41A68E6BF001E92C6 /* TTCFEasyReleasePool.m in Sources */,
				7D2610961A2DEF8900BC5FEF /* GCDWebServerStreamedResponse.m in Sources */,
				7D2E59D41A1B48F100C196CB /* SSHTCPDirectTunnel.m in Sources */,
				7DEE9A6C1A0A557000E52C04 /* SOCKSProxySocket.m in Sources */,
				7D2E59D01A1B468D00C196CB /* NSMutableArray+Queue.m in Sources */,
				7D75E3231A0A08C200E022F2 /* GCDAsyncSocket.m in Sources */,
				7D4B3F301A26133200C64E3C /* DDMultiFormatter.m in Sources */,
				7D75E3241A0A08C200E022F2 /* GCDAsyncUdpSocket.m in Sources */,
				7D4B3F2B1A26133200C64E3C /* DDFileLogger.m in Sources */,
				7DE0A59E1A35DB5200B3E50F /* PTPreference.m in Sources */,
				7D4B3F311A26133200C64E3C /* NSThread+SequenceNumber.m in Sources */,
				7D4B3F2E1A26133200C64E3C /* DDContextFilterLogFormatter.m in Sources */,
				7DEE9A951A0BA6AA00E52C04 /* NSOperationQueue+GlobalQueue.m in Sources */,
				7D2610921A2DEF8900BC5FEF /* GCDWebServerURLEncodedFormRequest.m in Sources */,
				7D26108B1A2DEF8900BC5FEF /* GCDWebServerConnection.m in Sources */,
				7DEE9A8C1A0B7CB700E52C04 /* SSHSession.m in Sources */,
				7D2610951A2DEF8900BC5FEF /* GCDWebServerFileResponse.m in Sources */,
				7D4B3F2F1A26133200C64E3C /* DDDispatchQueueLogFormatter.m in Sources */,
				7DE0A5891A307A5000B3E50F /* AutoLocalize.m in Sources */,
				7D4B3F381A2616DC00C64E3C /* KPBackgroundRunner.m in Sources */,
				7DE0A5A81A35E74200B3E50F /* UIView+UserData.m in Sources */,
				7D4B3F291A26133200C64E3C /* DDASLLogCapture.m in Sources */,
				7D4B3F2A1A26133200C64E3C /* DDASLLogger.m in Sources */,
				7D4B3F321A26133200C64E3C /* KPLog.m in Sources */,
				7D0D963F1A5E5B3A00D16BC0 /* MBProgressHUD.m in Sources */,
				7DD9D09F1A67C4B3001E92C6 /* TTSystemProxyManager.m in Sources */,
				7DE0A59A1A35D8A500B3E50F /* PTConnectionSettings.m in Sources */,
				7D75E2FE1A0A068300E022F2 /* AppDelegate.m in Sources */,
				7D2610941A2DEF8900BC5FEF /* GCDWebServerErrorResponse.m in Sources */,
				7D2610931A2DEF8900BC5FEF /* GCDWebServerDataResponse.m in Sources */,
				7D27488B1A6A306A009B7352 /* PTAboutVC.m in Sources */,
				7D26108D1A2DEF8900BC5FEF /* GCDWebServerRequest.m in Sources */,
				7DEE9A6B1A0A557000E52C04 /* SOCKSProxy.m in Sources */,
				7D2610911A2DEF8900BC5FEF /* GCDWebServerMultiPartFormRequest.m in Sources */,
				7D75E2FB1A0A068300E022F2 /* main.m in Sources */,
				7D26109E1A2DF3AF00BC5FEF /* PTPacServer.m in Sources */,
				7D26108C1A2DEF8900BC5FEF /* GCDWebServerFunctions.m in Sources */,
				7DEE9A921A0BA29600E52C04 /* SSHGlobal.m in Sources */,
				7DE0A5931A308B2300B3E50F /* PTMainSettingsVC.m in Sources */,
				7D4B3F281A26133200C64E3C /* DDAbstractDatabaseLogger.m in Sources */,
				7D4B3F2C1A26133200C64E3C /* DDLog.m in Sources */,
			);
			runOnlyForDeploymentPostprocessing = 0;
		};
/* End PBXSourcesBuildPhase section */

/* Begin PBXVariantGroup section */
		7D2610AF1A2EF3D300BC5FEF /* InfoPlist.strings */ = {
			isa = PBXVariantGroup;
			children = (
				7D2610AE1A2EF3D300BC5FEF /* Base */,
				7D2610B01A2EF47B00BC5FEF /* zh-Hans */,
			);
			name = InfoPlist.strings;
			sourceTree = "<group>";
		};
		7D75E3021A0A068300E022F2 /* Main.storyboard */ = {
			isa = PBXVariantGroup;
			children = (
				7D75E3031A0A068300E022F2 /* Base */,
			);
			name = Main.storyboard;
			sourceTree = "<group>";
		};
		7DE0A5781A30555400B3E50F /* Localizable.strings */ = {
			isa = PBXVariantGroup;
			children = (
				7DE0A5771A30555400B3E50F /* Base */,
				7DE0A5791A30555600B3E50F /* zh-Hans */,
			);
			name = Localizable.strings;
			sourceTree = "<group>";
		};
/* End PBXVariantGroup section */

/* Begin XCBuildConfiguration section */
		7D75E3161A0A068300E022F2 /* Debug */ = {
			isa = XCBuildConfiguration;
			buildSettings = {
				ALWAYS_SEARCH_USER_PATHS = YES;
				CLANG_CXX_LANGUAGE_STANDARD = "gnu++0x";
				CLANG_CXX_LIBRARY = "libc++";
				CLANG_ENABLE_MODULES = YES;
				CLANG_ENABLE_OBJC_ARC = YES;
				CLANG_WARN_BOOL_CONVERSION = YES;
				CLANG_WARN_CONSTANT_CONVERSION = YES;
				CLANG_WARN_DIRECT_OBJC_ISA_USAGE = YES_ERROR;
				CLANG_WARN_EMPTY_BODY = YES;
				CLANG_WARN_ENUM_CONVERSION = YES;
				CLANG_WARN_INT_CONVERSION = YES;
				CLANG_WARN_OBJC_ROOT_CLASS = YES_ERROR;
				CLANG_WARN_UNREACHABLE_CODE = YES;
				CLANG_WARN__DUPLICATE_METHOD_MATCH = YES;
				COPY_PHASE_STRIP = NO;
				ENABLE_STRICT_OBJC_MSGSEND = YES;
				GCC_C_LANGUAGE_STANDARD = gnu99;
				GCC_DYNAMIC_NO_PIC = NO;
				GCC_OPTIMIZATION_LEVEL = 0;
				GCC_PRECOMPILE_PREFIX_HEADER = YES;
				GCC_PREFIX_HEADER = PrettyTunnel/Prefix.pch;
				GCC_PREPROCESSOR_DEFINITIONS = (
					"DEBUG=1",
					_DEBUG,
					"$(inherited)",
				);
				GCC_SYMBOLS_PRIVATE_EXTERN = NO;
				GCC_WARN_64_TO_32_BIT_CONVERSION = YES;
				GCC_WARN_ABOUT_RETURN_TYPE = YES_ERROR;
				GCC_WARN_UNDECLARED_SELECTOR = YES;
				GCC_WARN_UNINITIALIZED_AUTOS = YES_AGGRESSIVE;
				GCC_WARN_UNUSED_FUNCTION = YES;
				GCC_WARN_UNUSED_VARIABLE = YES;
				IPHONEOS_DEPLOYMENT_TARGET = 7.1;
				MTL_ENABLE_DEBUG_INFO = YES;
				ONLY_ACTIVE_ARCH = YES;
				SDKROOT = iphoneos;
				TARGETED_DEVICE_FAMILY = "1,2";
				USER_HEADER_SEARCH_PATHS = "PrettyTunnel/framework/libssh2-for-iOS/include";
			};
			name = Debug;
		};
		7D75E3171A0A068300E022F2 /* Release */ = {
			isa = XCBuildConfiguration;
			buildSettings = {
				ALWAYS_SEARCH_USER_PATHS = YES;
				CLANG_CXX_LANGUAGE_STANDARD = "gnu++0x";
				CLANG_CXX_LIBRARY = "libc++";
				CLANG_ENABLE_MODULES = YES;
				CLANG_ENABLE_OBJC_ARC = YES;
				CLANG_WARN_BOOL_CONVERSION = YES;
				CLANG_WARN_CONSTANT_CONVERSION = YES;
				CLANG_WARN_DIRECT_OBJC_ISA_USAGE = YES_ERROR;
				CLANG_WARN_EMPTY_BODY = YES;
				CLANG_WARN_ENUM_CONVERSION = YES;
				CLANG_WARN_INT_CONVERSION = YES;
				CLANG_WARN_OBJC_ROOT_CLASS = YES_ERROR;
				CLANG_WARN_UNREACHABLE_CODE = YES;
				CLANG_WARN__DUPLICATE_METHOD_MATCH = YES;
				COPY_PHASE_STRIP = YES;
				ENABLE_NS_ASSERTIONS = NO;
				ENABLE_STRICT_OBJC_MSGSEND = YES;
				GCC_C_LANGUAGE_STANDARD = gnu99;
				GCC_PRECOMPILE_PREFIX_HEADER = YES;
				GCC_PREFIX_HEADER = PrettyTunnel/Prefix.pch;
				GCC_WARN_64_TO_32_BIT_CONVERSION = YES;
				GCC_WARN_ABOUT_RETURN_TYPE = YES_ERROR;
				GCC_WARN_UNDECLARED_SELECTOR = YES;
				GCC_WARN_UNINITIALIZED_AUTOS = YES_AGGRESSIVE;
				GCC_WARN_UNUSED_FUNCTION = YES;
				GCC_WARN_UNUSED_VARIABLE = YES;
				IPHONEOS_DEPLOYMENT_TARGET = 7.1;
				MTL_ENABLE_DEBUG_INFO = NO;
				SDKROOT = iphoneos;
				TARGETED_DEVICE_FAMILY = "1,2";
				USER_HEADER_SEARCH_PATHS = "PrettyTunnel/framework/libssh2-for-iOS/include";
				VALIDATE_PRODUCT = YES;
			};
			name = Release;
		};
		7D75E3191A0A068300E022F2 /* Debug */ = {
			isa = XCBuildConfiguration;
			buildSettings = {
				ASSETCATALOG_COMPILER_APPICON_NAME = AppIcon;
				CODE_SIGN_ENTITLEMENTS = PrettyTunnel/PrettyTunnel.entitlements;
				CODE_SIGN_IDENTITY = "iPhone Developer";
				INFOPLIST_FILE = PrettyTunnel/Info.plist;
				LD_RUNPATH_SEARCH_PATHS = "$(inherited) @executable_path/Frameworks";
				LIBRARY_SEARCH_PATHS = (
					"$(inherited)",
					"$(PROJECT_DIR)/PrettyTunnel/framework/libssh2-for-iOS/lib",
				);
				PRODUCT_NAME = "$(TARGET_NAME)";
				PROVISIONING_PROFILE = "";
			};
			name = Debug;
		};
		7D75E31A1A0A068300E022F2 /* Release */ = {
			isa = XCBuildConfiguration;
			buildSettings = {
				ASSETCATALOG_COMPILER_APPICON_NAME = AppIcon;
				CODE_SIGN_ENTITLEMENTS = PrettyTunnel/PrettyTunnel.entitlements;
				CODE_SIGN_IDENTITY = "iPhone Developer";
				INFOPLIST_FILE = PrettyTunnel/Info.plist;
				LD_RUNPATH_SEARCH_PATHS = "$(inherited) @executable_path/Frameworks";
				LIBRARY_SEARCH_PATHS = (
					"$(inherited)",
					"$(PROJECT_DIR)/PrettyTunnel/framework/libssh2-for-iOS/lib",
				);
				PRODUCT_NAME = "$(TARGET_NAME)";
				PROVISIONING_PROFILE = "";
			};
			name = Release;
		};
/* End XCBuildConfiguration section */

/* Begin XCConfigurationList section */
		7D75E2F01A0A068300E022F2 /* Build configuration list for PBXProject "PrettyTunnel" */ = {
			isa = XCConfigurationList;
			buildConfigurations = (
				7D75E3161A0A068300E022F2 /* Debug */,
				7D75E3171A0A068300E022F2 /* Release */,
			);
			defaultConfigurationIsVisible = 0;
			defaultConfigurationName = Release;
		};
		7D75E3181A0A068300E022F2 /* Build configuration list for PBXNativeTarget "PrettyTunnel" */ = {
			isa = XCConfigurationList;
			buildConfigurations = (
				7D75E3191A0A068300E022F2 /* Debug */,
				7D75E31A1A0A068300E022F2 /* Release */,
			);
			defaultConfigurationIsVisible = 0;
			defaultConfigurationName = Release;
		};
/* End XCConfigurationList section */
	};
	rootObject = 7D75E2ED1A0A068300E022F2 /* Project object */;
}
